
Microsoft Visual Studio Solution File, Format Version 12.00
# Visual Studio Version 16
VisualStudioVersion = 25.0.1706.4
MinimumVisualStudioVersion = 10.0.40219.1
Project("{FAE04EC0-301F-11D3-BF4B-00C04F79EFBC}") = "DataAccess", "DataAccess\DataAccess.csproj", "{2B5837DB-9A5E-4B1C-B0F5-B870EA4F5D74}"
EndProject
Project("{FAE04EC0-301F-11D3-BF4B-00C04F79EFBC}") = "Business", "Business\Business.csproj", "{9EE5DD08-729A-4459-B862-8D70B44879E3}"
EndProject
Project("{FAE04EC0-301F-11D3-BF4B-00C04F79EFBC}") = "Entites", "Entites\Entites.csproj", "{694400E5-88E1-436B-B1F1-CB395A0EAE2C}"
EndProject
Project("{FAE04EC0-301F-11D3-BF4B-00C04F79EFBC}") = "ConsoleUI", "ConsoleUI\ConsoleUI.csproj", "{9313A603-AB06-44F5-9637-6B86C98822FA}"
EndProject
Global
	GlobalSection(SolutionConfigurationPlatforms) = preSolution
		Debug|Any CPU = Debug|Any CPU
		Release|Any CPU = Release|Any CPU
	EndGlobalSection
	GlobalSection(ProjectConfigurationPlatforms) = postSolution
		{2B5837DB-9A5E-4B1C-B0F5-B870EA4F5D74}.Debug|Any CPU.ActiveCfg = Debug|Any CPU
		{2B5837DB-9A5E-4B1C-B0F5-B870EA4F5D74}.Debug|Any CPU.Build.0 = Debug|Any CPU
		{2B5837DB-9A5E-4B1C-B0F5-B870EA4F5D74}.Release|Any CPU.ActiveCfg = Release|Any CPU
		{2B5837DB-9A5E-4B1C-B0F5-B870EA4F5D74}.Release|Any CPU.Build.0 = Release|Any CPU
		{9EE5DD08-729A-4459-B862-8D70B44879E3}.Debug|Any CPU.ActiveCfg = Debug|Any CPU
		{9EE5DD08-729A-4459-B862-8D70B44879E3}.Debug|Any CPU.Build.0 = Debug|Any CPU
		{9EE5DD08-729A-4459-B862-8D70B44879E3}.Release|Any CPU.ActiveCfg = Release|Any CPU
		{9EE5DD08-729A-4459-B862-8D70B44879E3}.Release|Any CPU.Build.0 = Release|Any CPU
		{694400E5-88E1-436B-B1F1-CB395A0EAE2C}.Debug|Any CPU.ActiveCfg = Debug|Any CPU
		{694400E5-88E1-436B-B1F1-CB395A0EAE2C}.Debug|Any CPU.Build.0 = Debug|Any CPU
		{694400E5-88E1-436B-B1F1-CB395A0EAE2C}.Release|Any CPU.ActiveCfg = Release|Any CPU
		{694400E5-88E1-436B-B1F1-CB395A0EAE2C}.Release|Any CPU.Build.0 = Release|Any CPU
		{9313A603-AB06-44F5-9637-6B86C98822FA}.Debug|Any CPU.ActiveCfg = Debug|Any CPU
		{9313A603-AB06-44F5-9637-6B86C98822FA}.Debug|Any CPU.Build.0 = Debug|Any CPU
		{9313A603-AB06-44F5-9637-6B86C98822FA}.Release|Any CPU.ActiveCfg = Release|Any CPU
		{9313A603-AB06-44F5-9637-6B86C98822FA}.Release|Any CPU.Build.0 = Release|Any CPU
	EndGlobalSection
	GlobalSection(SolutionProperties) = preSolution
		HideSolutionNode = FALSE
	EndGlobalSection
	GlobalSection(ExtensibilityGlobals) = postSolution
		SolutionGuid = {618BA96E-0FB6-4B62-AE5F-5704DAE01DC0}
	EndGlobalSection
EndGlobal
